{
  "name": "ndfeb-recycling-system",
  "version": "2.0.0",
  "lockfileVersion": 3,
  "requires": true,
  "packages": {
    "": {
      "name": "ndfeb-recycling-system",
      "version": "2.0.0",
      "dependencies": {
        "@supabase/supabase-js": "^2.49.0",
        "@trpc/server": "^11.17.0",
        "hono": "^4.12.21",
        "superjson": "^2.2.6",
        "ws": "^8.21.0",
        "zod": "^4.4.3"
      },
      "engines": {
        "node": ">=18.0.0"
      }
    },
    "node_modules/@supabase/auth-js": {
      "version": "2.106.2",
      "resolved": "https://registry.npmjs.org/@supabase/auth-js/-/auth-js-2.106.2.tgz",
      "integrity": "sha512-VcAjUErkHkhC5Jaf+g/G1qbkQrFh8edaCdHa7pxJmHUjkWKjT7UnYCtPA89XV0N0GIYRkEqJZw5V62CtOxTmBQ==",
      "license": "MIT",
      "dependencies": {
        "tslib": "2.8.1"
      },
      "engines": {
        "node": ">=20.0.0"
      }
    },
    "node_modules/@supabase/functions-js": {
      "version": "2.106.2",
      "resolved": "https://registry.npmjs.org/@supabase/functions-js/-/functions-js-2.106.2.tgz",
      "integrity": "sha512-oRnr0QrL8H+zTO1YyQ1QjiHZU/957jvubbxSJTUm2XLAgzoGGV9Tahfyd+uvLsBLRVmXLtpU3oyCjdQIvkGMOA==",
      "license": "MIT",
      "dependencies": {
        "tslib": "2.8.1"
      },
      "engines": {
        "node": ">=20.0.0"
      }
    },
    "node_modules/@supabase/phoenix": {
      "version": "0.4.2",
      "resolved": "https://registry.npmjs.org/@supabase/phoenix/-/phoenix-0.4.2.tgz",
      "integrity": "sha512-YSAGnmDAfuleFCVt3CeurQZAhxRfXWeZIIkwp7NhYzQ1UwW6ePSnzsFAiUm/mbCkfoCf70QQHKW/K6RKh52a4A==",
      "license": "MIT"
    },
    "node_modules/@supabase/postgrest-js": {
      "version": "2.106.2",
      "resolved": "https://registry.npmjs.org/@supabase/postgrest-js/-/postgrest-js-2.106.2.tgz",
      "integrity": "sha512-tDOzyPgp9pIRMR2x6C9+uDSJrnXSzxLtt3d7nC+Lrsy3jnJDHYfdQC/xcRyhJE/TOBJ0heSqRKR3UmejDjZxsw==",
      "license": "MIT",
      "dependencies": {
        "tslib": "2.8.1"
      },
      "engines": {
        "node": ">=20.0.0"
      }
    },
    "node_modules/@supabase/realtime-js": {
      "version": "2.106.2",
      "resolved": "https://registry.npmjs.org/@supabase/realtime-js/-/realtime-js-2.106.2.tgz",
      "integrity": "sha512-LdRGT7DNhyZkPjubUv5bSdAZ0jSEX8wTHvx7htj7+K59TOZRvz4TuQK7tL2RWxyIZVeFMRluL04SzWS61rKnUA==",
      "license": "MIT",
      "dependencies": {
        "@supabase/phoenix": "^0.4.2",
        "tslib": "2.8.1"
      },
      "engines": {
        "node": ">=20.0.0"
      }
    },
    "node_modules/@supabase/storage-js": {
      "version": "2.106.2",
      "resolved": "https://registry.npmjs.org/@supabase/storage-js/-/storage-js-2.106.2.tgz",
      "integrity": "sha512-xgKCSYuev1YarV+iVqr+zlfgSyremnJtn8T0NCT8L4XmMv1CLtESc0Q6kNp8+mKWdX/8ND0nzm7OMKx08kwNAw==",
      "license": "MIT",
      "dependencies": {
        "iceberg-js": "^0.8.1",
        "tslib": "2.8.1"
      },
      "engines": {
        "node": ">=20.0.0"
      }
    },
    "node_modules/@supabase/supabase-js": {
      "version": "2.106.2",
      "resolved": "https://registry.npmjs.org/@supabase/supabase-js/-/supabase-js-2.106.2.tgz",
      "integrity": "sha512-2/RZ/1fmJx/MRSEDG2Xk8+J4JVk5clM9V0uSI6kUTrcS32KA89DtqI5RUOC9r6mzY3WBC9qexLjssIHjbLyVJA==",
      "license": "MIT",
      "dependencies": {
        "@supabase/auth-js": "2.106.2",
        "@supabase/functions-js": "2.106.2",
        "@supabase/postgrest-js": "2.106.2",
        "@supabase/realtime-js": "2.106.2",
        "@supabase/storage-js": "2.106.2"
      },
      "engines": {
        "node": ">=20.0.0"
      }
    },
    "node_modules/@trpc/server": {
      "version": "11.17.0",
      "resolved": "https://registry.npmjs.org/@trpc/server/-/server-11.17.0.tgz",
      "integrity": "sha512-jbAOUe0PpUTCYqziyu+8vYXZdDXPudZgnEhWCQ2NjKnVEjfE93RqHTt1oycZJv/HNf51YlRXfEEwSIAbb161rw==",
      "funding": [
        "https://trpc.io/sponsor"
      ],
      "license": "MIT",
      "bin": {
        "intent": "bin/intent.js"
      },
      "peerDependencies": {
        "typescript": ">=5.7.2"
      }
    },
    "node_modules/copy-anything": {
      "version": "4.0.5",
      "resolved": "https://registry.npmjs.org/copy-anything/-/copy-anything-4.0.5.tgz",
      "integrity": "sha512-7Vv6asjS4gMOuILabD3l739tsaxFQmC+a7pLZm02zyvs8p977bL3zEgq3yDk5rn9B0PbYgIv++jmHcuUab4RhA==",
      "license": "MIT",
      "dependencies": {
        "is-what": "^5.2.0"
      },
      "engines": {
        "node": ">=18"
      },
      "funding": {
        "url": "https://github.com/sponsors/mesqueeb"
      }
    },
    "node_modules/hono": {
      "version": "4.12.23",
      "resolved": "https://registry.npmjs.org/hono/-/hono-4.12.23.tgz",
      "integrity": "sha512-eIaZ9qDgu7XV0pxOCrg7/WhnQ6Ivm22UcxhXx/A3dcbqbbYgBEkc6e/J/s7j2tS96zoB0S9VBdLwQNCWwUo4LA==",
      "license": "MIT",
      "engines": {
        "node": ">=16.9.0"
      }
    },
    "node_modules/iceberg-js": {
      "version": "0.8.1",
      "resolved": "https://registry.npmjs.org/iceberg-js/-/iceberg-js-0.8.1.tgz",
      "integrity": "sha512-1dhVQZXhcHje7798IVM+xoo/1ZdVfzOMIc8/rgVSijRK38EDqOJoGula9N/8ZI5RD8QTxNQtK/Gozpr+qUqRRA==",
      "license": "MIT",
      "engines": {
        "node": ">=20.0.0"
      }
    },
    "node_modules/is-what": {
      "version": "5.5.0",
      "resolved": "https://registry.npmjs.org/is-what/-/is-what-5.5.0.tgz",
      "integrity": "sha512-oG7cgbmg5kLYae2N5IVd3jm2s+vldjxJzK1pcu9LfpGuQ93MQSzo0okvRna+7y5ifrD+20FE8FvjusyGaz14fw==",
      "license": "MIT",
      "engines": {
        "node": ">=18"
      },
      "funding": {
        "url": "https://github.com/sponsors/mesqueeb"
      }
    },
    "node_modules/superjson": {
      "version": "2.2.6",
      "resolved": "https://registry.npmjs.org/superjson/-/superjson-2.2.6.tgz",
      "integrity": "sha512-H+ue8Zo4vJmV2nRjpx86P35lzwDT3nItnIsocgumgr0hHMQ+ZGq5vrERg9kJBo5AWGmxZDhzDo+WVIJqkB0cGA==",
      "license": "MIT",
      "dependencies": {
        "copy-anything": "^4"
      },
      "engines": {
        "node": ">=16"
      }
    },
    "node_modules/tslib": {
      "version": "2.8.1",
      "resolved": "https://registry.npmjs.org/tslib/-/tslib-2.8.1.tgz",
      "integrity": "sha512-oJFu94HQb+KVduSUQL7wnpmqnfmLsOA/nAh6b6EH0wCEoK0/mPeXU6c3wKDV83MkOuHPRHtSXKKU99IBazS/2w==",
      "license": "0BSD"
    },
    "node_modules/typescript": {
      "version": "6.0.3",
      "resolved": "https://registry.npmjs.org/typescript/-/typescript-6.0.3.tgz",
      "integrity": "sha512-y2TvuxSZPDyQakkFRPZHKFm+KKVqIisdg9/CZwm9ftvKXLP8NRWj38/ODjNbr43SsoXqNuAisEf1GdCxqWcdBw==",
      "license": "Apache-2.0",
      "peer": true,
      "bin": {
        "tsc": "bin/tsc",
        "tsserver": "bin/tsserver"
      },
      "engines": {
        "node": ">=14.17"
      }
    },
    "node_modules/ws": {
      "version": "8.21.0",
      "resolved": "https://registry.npmjs.org/ws/-/ws-8.21.0.tgz",
      "integrity": "sha512-Vsp28b7DRcimFQvrqu2Wek3z1iYxDCWqHYB8Qsnk/S4RfaCQzPGPyBNuVjJV3cd6UiKtUtp6sNM77gWvzcCH+g==",
      "license": "MIT",
      "engines": {
        "node": ">=10.0.0"
      },
      "peerDependencies": {
        "bufferutil": "^4.0.1",
        "utf-8-validate": ">=5.0.2"
      },
      "peerDependenciesMeta": {
        "bufferutil": {
          "optional": true
        },
        "utf-8-validate": {
          "optional": true
        }
      }
    },
    "node_modules/zod": {
      "version": "4.4.3",
      "resolved": "https://registry.npmjs.org/zod/-/zod-4.4.3.tgz",
      "integrity": "sha512-ytENFjIJFl2UwYglde2jchW2Hwm4GJFLDiSXWdTrJQBIN9Fcyp7n4DhxJEiWNAJMV1/BqWfW/kkg71UDcHJyTQ==",
      "license": "MIT",
      "funding": {
        "url": "https://github.com/sponsors/colinhacks"
      }
    }
  }
}
